
Microsoft Visual Studio Solution File, Format Version 12.00
# Visual Studio Version 16
VisualStudioVersion = 16.0.31424.327
MinimumVisualStudioVersion = 10.0.40219.1
Project("{FAE04EC0-301F-11D3-BF4B-00C04F79EFBC}") = "Приветствие", "Приветствие\Приветствие.csproj", "{F6E3EEF1-0CF7-4174-B6FF-9C522DA56313}"
EndProject
Project("{FAE04EC0-301F-11D3-BF4B-00C04F79EFBC}") = "Анна Олеговна не ставьте два", "Анна Олеговна не ставьте два\Анна Олеговна не ставьте два.csproj", "{DB5376EF-26C4-4F1F-B288-507F809CEB98}"
EndProject
Project("{FAE04EC0-301F-11D3-BF4B-00C04F79EFBC}") = "Английская система мер длины", "Английская система мер длины\Английская система мер длины.csproj", "{F246660F-5E5B-44A2-9897-196AE2E30025}"
EndProject
Global
	GlobalSection(SolutionConfigurationPlatforms) = preSolution
		Debug|Any CPU = Debug|Any CPU
		Release|Any CPU = Release|Any CPU
	EndGlobalSection
	GlobalSection(ProjectConfigurationPlatforms) = postSolution
		{F6E3EEF1-0CF7-4174-B6FF-9C522DA56313}.Debug|Any CPU.ActiveCfg = Debug|Any CPU
		{F6E3EEF1-0CF7-4174-B6FF-9C522DA56313}.Debug|Any CPU.Build.0 = Debug|Any CPU
		{F6E3EEF1-0CF7-4174-B6FF-9C522DA56313}.Release|Any CPU.ActiveCfg = Release|Any CPU
		{F6E3EEF1-0CF7-4174-B6FF-9C522DA56313}.Release|Any CPU.Build.0 = Release|Any CPU
		{DB5376EF-26C4-4F1F-B288-507F809CEB98}.Debug|Any CPU.ActiveCfg = Debug|Any CPU
		{DB5376EF-26C4-4F1F-B288-507F809CEB98}.Debug|Any CPU.Build.0 = Debug|Any CPU
		{DB5376EF-26C4-4F1F-B288-507F809CEB98}.Release|Any CPU.ActiveCfg = Release|Any CPU
		{DB5376EF-26C4-4F1F-B288-507F809CEB98}.Release|Any CPU.Build.0 = Release|Any CPU
		{F246660F-5E5B-44A2-9897-196AE2E30025}.Debug|Any CPU.ActiveCfg = Debug|Any CPU
		{F246660F-5E5B-44A2-9897-196AE2E30025}.Debug|Any CPU.Build.0 = Debug|Any CPU
		{F246660F-5E5B-44A2-9897-196AE2E30025}.Release|Any CPU.ActiveCfg = Release|Any CPU
		{F246660F-5E5B-44A2-9897-196AE2E30025}.Release|Any CPU.Build.0 = Release|Any CPU
	EndGlobalSection
	GlobalSection(SolutionProperties) = preSolution
		HideSolutionNode = FALSE
	EndGlobalSection
	GlobalSection(ExtensibilityGlobals) = postSolution
		SolutionGuid = {FA3E319C-0237-4182-980A-2889117D545C}
	EndGlobalSection
EndGlobal
